// !$*UTF8*$!
{
	archiveVersion = 1;
	classes = {
	};
	objectVersion = 55;
	objects = {

/* Begin PBXBuildFile section */
		49312C4B27A7BAD7001D8E3B /* level1.txt in Resources */ = {isa = PBXBuildFile; fileRef = 49312C4A27A7BAD7001D8E3B /* level1.txt */; };
		4956B09827B24774004A02F1 /* level2.txt in Resources */ = {isa = PBXBuildFile; fileRef = 4956B09727B24416004A02F1 /* level2.txt */; };
		499D6A9527A7B9E60094E541 /* AppDelegate.swift in Sources */ = {isa = PBXBuildFile; fileRef = 499D6A9427A7B9E60094E541 /* AppDelegate.swift */; };
		499D6A9727A7B9E60094E541 /* GameScene.sks in Resources */ = {isa = PBXBuildFile; fileRef = 499D6A9627A7B9E60094E541 /* GameScene.sks */; };
		499D6A9B27A7B9E60094E541 /* GameScene.swift in Sources */ = {isa = PBXBuildFile; fileRef = 499D6A9A27A7B9E60094E541 /* GameScene.swift */; };
		499D6A9D27A7B9E60094E541 /* GameViewController.swift in Sources */ = {isa = PBXBuildFile; fileRef = 499D6A9C27A7B9E60094E541 /* GameViewController.swift */; };
		499D6AA027A7B9E60094E541 /* Main.storyboard in Resources */ = {isa = PBXBuildFile; fileRef = 499D6A9E27A7B9E60094E541 /* Main.storyboard */; };
		499D6AA227A7B9E90094E541 /* Assets.xcassets in Resources */ = {isa = PBXBuildFile; fileRef = 499D6AA127A7B9E90094E541 /* Assets.xcassets */; };
		499D6AA527A7B9E90094E541 /* LaunchScreen.storyboard in Resources */ = {isa = PBXBuildFile; fileRef = 499D6AA327A7B9E90094E541 /* LaunchScreen.storyboard */; };
/* End PBXBuildFile section */

/* Begin PBXFileReference section */
		49312C4A27A7BAD7001D8E3B /* level1.txt */ = {isa = PBXFileReference; fileEncoding = 4; lastKnownFileType = text; path = level1.txt; sourceTree = "<group>"; };
		4956B09727B24416004A02F1 /* level2.txt */ = {isa = PBXFileReference; lastKnownFileType = text; path = level2.txt; sourceTree = "<group>"; };
		499D6A9127A7B9E60094E541 /* Project26.app */ = {isa = PBXFileReference; explicitFileType = wrapper.application; includeInIndex = 0; path = Project26.app; sourceTree = BUILT_PRODUCTS_DIR; };
		499D6A9427A7B9E60094E541 /* AppDelegate.swift */ = {isa = PBXFileReference; lastKnownFileType = sourcecode.swift; path = AppDelegate.swift; sourceTree = "<group>"; };
		499D6A9627A7B9E60094E541 /* GameScene.sks */ = {isa = PBXFileReference; lastKnownFileType = file.sks; path = GameScene.sks; sourceTree = "<group>"; };
		499D6A9A27A7B9E60094E541 /* GameScene.swift */ = {isa = PBXFileReference; lastKnownFileType = sourcecode.swift; path = GameScene.swift; sourceTree = "<group>"; };
		499D6A9C27A7B9E60094E541 /* GameViewController.swift */ = {isa = PBXFileReference; lastKnownFileType = sourcecode.swift; path = GameViewController.swift; sourceTree = "<group>"; };
		499D6A9F27A7B9E60094E541 /* Base */ = {isa = PBXFileReference; lastKnownFileType = file.storyboard; name = Base; path = Base.lproj/Main.storyboard; sourceTree = "<group>"; };
		499D6AA127A7B9E90094E541 /* Assets.xcassets */ = {isa = PBXFileReference; lastKnownFileType = folder.assetcatalog; path = Assets.xcassets; sourceTree = "<group>"; };
		499D6AA427A7B9E90094E541 /* Base */ = {isa = PBXFileReference; lastKnownFileType = file.storyboard; name = Base; path = Base.lproj/LaunchScreen.storyboard; sourceTree = "<group>"; };
/* End PBXFileReference section */

/* Begin PBXFrameworksBuildPhase section */
		499D6A8E27A7B9E60094E541 /* Frameworks */ = {
			isa = PBXFrameworksBuildPhase;
			buildActionMask = 2147483647;
			files = (
			);
			runOnlyForDeploymentPostprocessing = 0;
		};
/* End PBXFrameworksBuildPhase section */

/* Begin PBXGroup section */
		499D6A8827A7B9E60094E541 = {
			isa = PBXGroup;
			children = (
				499D6A9327A7B9E60094E541 /* Project26 */,
				499D6A9227A7B9E60094E541 /* Products */,
			);
			sourceTree = "<group>";
		};
		499D6A9227A7B9E60094E541 /* Products */ = {
			isa = PBXGroup;
			children = (
				499D6A9127A7B9E60094E541 /* Project26.app */,
			);
			name = Products;
			sourceTree = "<group>";
		};
		499D6A9327A7B9E60094E541 /* Project26 */ = {
			isa = PBXGroup;
			children = (
				499D6A9427A7B9E60094E541 /* AppDelegate.swift */,
				499D6A9627A7B9E60094E541 /* GameScene.sks */,
				499D6A9A27A7B9E60094E541 /* GameScene.swift */,
				499D6A9C27A7B9E60094E541 /* GameViewController.swift */,
				499D6A9E27A7B9E60094E541 /* Main.storyboard */,
				499D6AA127A7B9E90094E541 /* Assets.xcassets */,
				499D6AA327A7B9E90094E541 /* LaunchScreen.storyboard */,
				49312C4A27A7BAD7001D8E3B /* level1.txt */,
				4956B09727B24416004A02F1 /* level2.txt */,
			);
			path = Project26;
			sourceTree = "<group>";
		};
/* End PBXGroup section */

/* Begin PBXNativeTarget section */
		499D6A9027A7B9E60094E541 /* Project26 */ = {
			isa = PBXNativeTarget;
			buildConfigurationList = 499D6AA827A7B9E90094E541 /* Build configuration list for PBXNativeTarget "Project26" */;
			buildPhases = (
				499D6A8D27A7B9E60094E541 /* Sources */,
				499D6A8E27A7B9E60094E541 /* Frameworks */,
				499D6A8F27A7B9E60094E541 /* Resources */,
			);
			buildRules = (
			);
			dependencies = (
			);
			name = Project26;
			productName = Project26;
			productReference = 499D6A9127A7B9E60094E541 /* Project26.app */;
			productType = "com.apple.product-type.application";
		};
/* End PBXNativeTarget section */

/* Begin PBXProject section */
		499D6A8927A7B9E60094E541 /* Project object */ = {
			isa = PBXProject;
			attributes = {
				BuildIndependentTargetsInParallel = 1;
				LastSwiftUpdateCheck = 1310;
				LastUpgradeCheck = 1310;
				TargetAttributes = {
					499D6A9027A7B9E60094E541 = {
						CreatedOnToolsVersion = 13.1;
					};
				};
			};
			buildConfigurationList = 499D6A8C27A7B9E60094E541 /* Build configuration list for PBXProject "Project26" */;
			compatibilityVersion = "Xcode 13.0";
			developmentRegion = en;
			hasScannedForEncodings = 0;
			knownRegions = (
				en,
				Base,
			);
			mainGroup = 499D6A8827A7B9E60094E541;
			productRefGroup = 499D6A9227A7B9E60094E541 /* Products */;
			projectDirPath = "";
			projectRoot = "";
			targets = (
				499D6A9027A7B9E60094E541 /* Project26 */,
			);
		};
/* End PBXProject section */

/* Begin PBXResourcesBuildPhase section */
		499D6A8F27A7B9E60094E541 /* Resources */ = {
			isa = PBXResourcesBuildPhase;
			buildActionMask = 2147483647;
			files = (
				49312C4B27A7BAD7001D8E3B /* level1.txt in Resources */,
				499D6AA027A7B9E60094E541 /* Main.storyboard in Resources */,
				4956B09827B24774004A02F1 /* level2.txt in Resources */,
				499D6A9727A7B9E60094E541 /* GameScene.sks in Resources */,
				499D6AA227A7B9E90094E541 /* Assets.xcassets in Resources */,
				499D6AA527A7B9E90094E541 /* LaunchScreen.storyboard in Resources */,
			);
			runOnlyForDeploymentPostprocessing = 0;
		};
/* End PBXResourcesBuildPhase section */

/* Begin PBXSourcesBuildPhase section */
		499D6A8D27A7B9E60094E541 /* Sources */ = {
			isa = PBXSourcesBuildPhase;
			buildActionMask = 2147483647;
			files = (
				499D6A9B27A7B9E60094E541 /* GameScene.swift in Sources */,
				499D6A9D27A7B9E60094E541 /* GameViewController.swift in Sources */,
				499D6A9527A7B9E60094E541 /* AppDelegate.swift in Sources */,
			);
			runOnlyForDeploymentPostprocessing = 0;
		};
/* End PBXSourcesBuildPhase section */

/* Begin PBXVariantGroup section */
		499D6A9E27A7B9E60094E541 /* Main.storyboard */ = {
			isa = PBXVariantGroup;
			children = (
				499D6A9F27A7B9E60094E541 /* Base */,
			);
			name = Main.storyboard;
			sourceTree = "<group>";
		};
		499D6AA327A7B9E90094E541 /* LaunchScreen.storyboard */ = {
			isa = PBXVariantGroup;
			children = (
				499D6AA427A7B9E90094E541 /* Base */,
			);
			name = LaunchScreen.storyboard;
			sourceTree = "<group>";
		};
/* End PBXVariantGroup section */

/* Begin XCBuildConfiguration section */
		499D6AA627A7B9E90094E541 /* Debug */ = {
			isa = XCBuildConfiguration;
			buildSettings = {
				ALWAYS_SEARCH_USER_PATHS = NO;
				CLANG_ANALYZER_NONNULL = YES;
				CLANG_ANALYZER_NUMBER_OBJECT_CONVERSION = YES_AGGRESSIVE;
				CLANG_CXX_LANGUAGE_STANDARD = "gnu++17";
				CLANG_CXX_LIBRARY = "libc++";
				CLANG_ENABLE_MODULES = YES;
				CLANG_ENABLE_OBJC_ARC = YES;
				CLANG_ENABLE_OBJC_WEAK = YES;
				CLANG_WARN_BLOCK_CAPTURE_AUTORELEASING = YES;
				CLANG_WARN_BOOL_CONVERSION = YES;
				CLANG_WARN_COMMA = YES;
				CLANG_WARN_CONSTANT_CONVERSION = YES;
				CLANG_WARN_DEPRECATED_OBJC_IMPLEMENTATIONS = YES;
				CLANG_WARN_DIRECT_OBJC_ISA_USAGE = YES_ERROR;
				CLANG_WARN_DOCUMENTATION_COMMENTS = YES;
				CLANG_WARN_EMPTY_BODY = YES;
				CLANG_WARN_ENUM_CONVERSION = YES;
				CLANG_WARN_INFINITE_RECURSION = YES;
				CLANG_WARN_INT_CONVERSION = YES;
				CLANG_WARN_NON_LITERAL_NULL_CONVERSION = YES;
				CLANG_WARN_OBJC_IMPLICIT_RETAIN_SELF = YES;
				CLANG_WARN_OBJC_LITERAL_CONVERSION = YES;
				CLANG_WARN_OBJC_ROOT_CLASS = YES_ERROR;
				CLANG_WARN_QUOTED_INCLUDE_IN_FRAMEWORK_HEADER = YES;
				CLANG_WARN_RANGE_LOOP_ANALYSIS = YES;
				CLANG_WARN_STRICT_PROTOTYPES = YES;
				CLANG_WARN_SUSPICIOUS_MOVE = YES;
				CLANG_WARN_UNGUARDED_AVAILABILITY = YES_AGGRESSIVE;
				CLANG_WARN_UNREACHABLE_CODE = YES;
				CLANG_WARN__DUPLICATE_METHOD_MATCH = YES;
				COPY_PHASE_STRIP = NO;
				DEBUG_INFORMATION_FORMAT = dwarf;
				ENABLE_STRICT_OBJC_MSGSEND = YES;
				ENABLE_TESTABILITY = YES;
				GCC_C_LANGUAGE_STANDARD = gnu11;
				GCC_DYNAMIC_NO_PIC = NO;
				GCC_NO_COMMON_BLOCKS = YES;
				GCC_OPTIMIZATION_LEVEL = 0;
				GCC_PREPROCESSOR_DEFINITIONS = (
					"DEBUG=1",
					"$(inherited)",
				);
				GCC_WARN_64_TO_32_BIT_CONVERSION = YES;
				GCC_WARN_ABOUT_RETURN_TYPE = YES_ERROR;
				GCC_WARN_UNDECLARED_SELECTOR = YES;
				GCC_WARN_UNINITIALIZED_AUTOS = YES_AGGRESSIVE;
				GCC_WARN_UNUSED_FUNCTION = YES;
				GCC_WARN_UNUSED_VARIABLE = YES;
				IPHONEOS_DEPLOYMENT_TARGET = 15.0;
				MTL_ENABLE_DEBUG_INFO = INCLUDE_SOURCE;
				MTL_FAST_MATH = YES;
				ONLY_ACTIVE_ARCH = YES;
				SDKROOT = iphoneos;
				SWIFT_ACTIVE_COMPILATION_CONDITIONS = DEBUG;
				SWIFT_OPTIMIZATION_LEVEL = "-Onone";
			};
			name = Debug;
		};
		499D6AA727A7B9E90094E541 /* Release */ = {
			isa = XCBuildConfiguration;
			buildSettings = {
				ALWAYS_SEARCH_USER_PATHS = NO;
				CLANG_ANALYZER_NONNULL = YES;
				CLANG_ANALYZER_NUMBER_OBJECT_CONVERSION = YES_AGGRESSIVE;
				CLANG_CXX_LANGUAGE_STANDARD = "gnu++17";
				CLANG_CXX_LIBRARY = "libc++";
				CLANG_ENABLE_MODULES = YES;
				CLANG_ENABLE_OBJC_ARC = YES;
				CLANG_ENABLE_OBJC_WEAK = YES;
				CLANG_WARN_BLOCK_CAPTURE_AUTORELEASING = YES;
				CLANG_WARN_BOOL_CONVERSION = YES;
				CLANG_WARN_COMMA = YES;
				CLANG_WARN_CONSTANT_CONVERSION = YES;
				CLANG_WARN_DEPRECATED_OBJC_IMPLEMENTATIONS = YES;
				CLANG_WARN_DIRECT_OBJC_ISA_USAGE = YES_ERROR;
				CLANG_WARN_DOCUMENTATION_COMMENTS = YES;
				CLANG_WARN_EMPTY_BODY = YES;
				CLANG_WARN_ENUM_CONVERSION = YES;
				CLANG_WARN_INFINITE_RECURSION = YES;
				CLANG_WARN_INT_CONVERSION = YES;
				CLANG_WARN_NON_LITERAL_NULL_CONVERSION = YES;
				CLANG_WARN_OBJC_IMPLICIT_RETAIN_SELF = YES;
				CLANG_WARN_OBJC_LITERAL_CONVERSION = YES;
				CLANG_WARN_OBJC_ROOT_CLASS = YES_ERROR;
				CLANG_WARN_QUOTED_INCLUDE_IN_FRAMEWORK_HEADER = YES;
				CLANG_WARN_RANGE_LOOP_ANALYSIS = YES;
				CLANG_WARN_STRICT_PROTOTYPES = YES;
				CLANG_WARN_SUSPICIOUS_MOVE = YES;
				CLANG_WARN_UNGUARDED_AVAILABILITY = YES_AGGRESSIVE;
				CLANG_WARN_UNREACHABLE_CODE = YES;
				CLANG_WARN__DUPLICATE_METHOD_MATCH = YES;
				COPY_PHASE_STRIP = NO;
				DEBUG_INFORMATION_FORMAT = "dwarf-with-dsym";
				ENABLE_NS_ASSERTIONS = NO;
				ENABLE_STRICT_OBJC_MSGSEND = YES;
				GCC_C_LANGUAGE_STANDARD = gnu11;
				GCC_NO_COMMON_BLOCKS = YES;
				GCC_WARN_64_TO_32_BIT_CONVERSION = YES;
				GCC_WARN_ABOUT_RETURN_TYPE = YES_ERROR;
				GCC_WARN_UNDECLARED_SELECTOR = YES;
				GCC_WARN_UNINITIALIZED_AUTOS = YES_AGGRESSIVE;
				GCC_WARN_UNUSED_FUNCTION = YES;
				GCC_WARN_UNUSED_VARIABLE = YES;
				IPHONEOS_DEPLOYMENT_TARGET = 15.0;
				MTL_ENABLE_DEBUG_INFO = NO;
				MTL_FAST_MATH = YES;
				SDKROOT = iphoneos;
				SWIFT_COMPILATION_MODE = wholemodule;
				SWIFT_OPTIMIZATION_LEVEL = "-O";
				VALIDATE_PRODUCT = YES;
			};
			name = Release;
		};
		499D6AA927A7B9E90094E541 /* Debug */ = {
			isa = XCBuildConfiguration;
			buildSettings = {
				ASSETCATALOG_COMPILER_APPICON_NAME = AppIcon;
				ASSETCATALOG_COMPILER_GLOBAL_ACCENT_COLOR_NAME = AccentColor;
				CODE_SIGN_STYLE = Automatic;
				CURRENT_PROJECT_VERSION = 1;
				DEVELOPMENT_TEAM = 5LP3MC28Z5;
				GENERATE_INFOPLIST_FILE = YES;
				INFOPLIST_KEY_UIApplicationSupportsIndirectInputEvents = YES;
				INFOPLIST_KEY_UILaunchStoryboardName = LaunchScreen;
				INFOPLIST_KEY_UIMainStoryboardFile = Main;
				INFOPLIST_KEY_UIStatusBarHidden = YES;
				INFOPLIST_KEY_UISupportedInterfaceOrientations = UIInterfaceOrientationLandscapeRight;
				INFOPLIST_KEY_UISupportedInterfaceOrientations_iPad = UIInterfaceOrientationLandscapeRight;
				INFOPLIST_KEY_UISupportedInterfaceOrientations_iPhone = "UIInterfaceOrientationPortrait UIInterfaceOrientationLandscapeLeft UIInterfaceOrientationLandscapeRight";
				IPHONEOS_DEPLOYMENT_TARGET = 12.3;
				LD_RUNPATH_SEARCH_PATHS = (
					"$(inherited)",
					"@executable_path/Frameworks",
				);
				MARKETING_VERSION = 1.0;
				PRODUCT_BUNDLE_IDENTIFIER = com.madiapps.Project26;
				PRODUCT_NAME = "$(TARGET_NAME)";
				SWIFT_EMIT_LOC_STRINGS = YES;
				SWIFT_VERSION = 5.0;
				TARGETED_DEVICE_FAMILY = 2;
			};
			name = Debug;
		};
		499D6AAA27A7B9E90094E541 /* Release */ = {
			isa = XCBuildConfiguration;
			buildSettings = {
				ASSETCATALOG_COMPILER_APPICON_NAME = AppIcon;
				ASSETCATALOG_COMPILER_GLOBAL_ACCENT_COLOR_NAME = AccentColor;
				CODE_SIGN_STYLE = Automatic;
				CURRENT_PROJECT_VERSION = 1;
				DEVELOPMENT_TEAM = 5LP3MC28Z5;
				GENERATE_INFOPLIST_FILE = YES;
				INFOPLIST_KEY_UIApplicationSupportsIndirectInputEvents = YES;
				INFOPLIST_KEY_UILaunchStoryboardName = LaunchScreen;
				INFOPLIST_KEY_UIMainStoryboardFile = Main;
				INFOPLIST_KEY_UIStatusBarHidden = YES;
				INFOPLIST_KEY_UISupportedInterfaceOrientations = UIInterfaceOrientationLandscapeRight;
				INFOPLIST_KEY_UISupportedInterfaceOrientations_iPad = UIInterfaceOrientationLandscapeRight;
				INFOPLIST_KEY_UISupportedInterfaceOrientations_iPhone = "UIInterfaceOrientationPortrait UIInterfaceOrientationLandscapeLeft UIInterfaceOrientationLandscapeRight";
				IPHONEOS_DEPLOYMENT_TARGET = 12.3;
				LD_RUNPATH_SEARCH_PATHS = (
					"$(inherited)",
					"@executable_path/Frameworks",
				);
				MARKETING_VERSION = 1.0;
				PRODUCT_BUNDLE_IDENTIFIER = com.madiapps.Project26;
				PRODUCT_NAME = "$(TARGET_NAME)";
				SWIFT_EMIT_LOC_STRINGS = YES;
				SWIFT_VERSION = 5.0;
				TARGETED_DEVICE_FAMILY = 2;
			};
			name = Release;
		};
/* End XCBuildConfiguration section */

/* Begin XCConfigurationList section */
		499D6A8C27A7B9E60094E541 /* Build configuration list for PBXProject "Project26" */ = {
			isa = XCConfigurationList;
			buildConfigurations = (
				499D6AA627A7B9E90094E541 /* Debug */,
				499D6AA727A7B9E90094E541 /* Release */,
			);
			defaultConfigurationIsVisible = 0;
			defaultConfigurationName = Release;
		};
		499D6AA827A7B9E90094E541 /* Build configuration list for PBXNativeTarget "Project26" */ = {
			isa = XCConfigurationList;
			buildConfigurations = (
				499D6AA927A7B9E90094E541 /* Debug */,
				499D6AAA27A7B9E90094E541 /* Release */,
			);
			defaultConfigurationIsVisible = 0;
			defaultConfigurationName = Release;
		};
/* End XCConfigurationList section */
	};
	rootObject = 499D6A8927A7B9E60094E541 /* Project object */;
}
