// !$*UTF8*$!
{
	archiveVersion = 1;
	classes = {
	};
	objectVersion = 50;
	objects = {

/* Begin PBXBuildFile section */
		493011D526DF453F00884893 /* AppDelegate.swift in Sources */ = {isa = PBXBuildFile; fileRef = 493011D426DF453F00884893 /* AppDelegate.swift */; };
		493011D726DF453F00884893 /* SceneDelegate.swift in Sources */ = {isa = PBXBuildFile; fileRef = 493011D626DF453F00884893 /* SceneDelegate.swift */; };
		493011D926DF453F00884893 /* ViewController.swift in Sources */ = {isa = PBXBuildFile; fileRef = 493011D826DF453F00884893 /* ViewController.swift */; };
		493011DC26DF453F00884893 /* Main.storyboard in Resources */ = {isa = PBXBuildFile; fileRef = 493011DA26DF453F00884893 /* Main.storyboard */; };
		493011DE26DF456000884893 /* Assets.xcassets in Resources */ = {isa = PBXBuildFile; fileRef = 493011DD26DF456000884893 /* Assets.xcassets */; };
		493011E126DF456000884893 /* LaunchScreen.storyboard in Resources */ = {isa = PBXBuildFile; fileRef = 493011DF26DF456000884893 /* LaunchScreen.storyboard */; };
		493011F526DF476600884893 /* nigeria@3x.png in Resources */ = {isa = PBXBuildFile; fileRef = 493011E926DF476600884893 /* nigeria@3x.png */; };
		493011F626DF476600884893 /* spain@3x.png in Resources */ = {isa = PBXBuildFile; fileRef = 493011EA26DF476600884893 /* spain@3x.png */; };
		493011F726DF476600884893 /* italy@3x.png in Resources */ = {isa = PBXBuildFile; fileRef = 493011EB26DF476600884893 /* italy@3x.png */; };
		493011F826DF476600884893 /* germany@3x.png in Resources */ = {isa = PBXBuildFile; fileRef = 493011EC26DF476600884893 /* germany@3x.png */; };
		493011F926DF476600884893 /* ireland@3x.png in Resources */ = {isa = PBXBuildFile; fileRef = 493011ED26DF476600884893 /* ireland@3x.png */; };
		493011FA26DF476600884893 /* estonia@3x.png in Resources */ = {isa = PBXBuildFile; fileRef = 493011EE26DF476600884893 /* estonia@3x.png */; };
		493011FB26DF476600884893 /* russia@3x.png in Resources */ = {isa = PBXBuildFile; fileRef = 493011EF26DF476600884893 /* russia@3x.png */; };
		493011FC26DF476600884893 /* poland@3x.png in Resources */ = {isa = PBXBuildFile; fileRef = 493011F026DF476600884893 /* poland@3x.png */; };
		493011FD26DF476600884893 /* uk@3x.png in Resources */ = {isa = PBXBuildFile; fileRef = 493011F126DF476600884893 /* uk@3x.png */; };
		493011FE26DF476600884893 /* us@3x.png in Resources */ = {isa = PBXBuildFile; fileRef = 493011F226DF476600884893 /* us@3x.png */; };
		493011FF26DF476600884893 /* france@3x.png in Resources */ = {isa = PBXBuildFile; fileRef = 493011F326DF476600884893 /* france@3x.png */; };
		4930120026DF476600884893 /* monaco@3x.png in Resources */ = {isa = PBXBuildFile; fileRef = 493011F426DF476600884893 /* monaco@3x.png */; };
		4930120226DF4D6300884893 /* DetailController.swift in Sources */ = {isa = PBXBuildFile; fileRef = 4930120126DF4D6300884893 /* DetailController.swift */; };
/* End PBXBuildFile section */

/* Begin PBXFileReference section */
		493011D126DF453F00884893 /* Challenge1.app */ = {isa = PBXFileReference; explicitFileType = wrapper.application; includeInIndex = 0; path = Challenge1.app; sourceTree = BUILT_PRODUCTS_DIR; };
		493011D426DF453F00884893 /* AppDelegate.swift */ = {isa = PBXFileReference; lastKnownFileType = sourcecode.swift; path = AppDelegate.swift; sourceTree = "<group>"; };
		493011D626DF453F00884893 /* SceneDelegate.swift */ = {isa = PBXFileReference; lastKnownFileType = sourcecode.swift; path = SceneDelegate.swift; sourceTree = "<group>"; };
		493011D826DF453F00884893 /* ViewController.swift */ = {isa = PBXFileReference; lastKnownFileType = sourcecode.swift; path = ViewController.swift; sourceTree = "<group>"; };
		493011DB26DF453F00884893 /* Base */ = {isa = PBXFileReference; lastKnownFileType = file.storyboard; name = Base; path = Base.lproj/Main.storyboard; sourceTree = "<group>"; };
		493011DD26DF456000884893 /* Assets.xcassets */ = {isa = PBXFileReference; lastKnownFileType = folder.assetcatalog; path = Assets.xcassets; sourceTree = "<group>"; };
		493011E026DF456000884893 /* Base */ = {isa = PBXFileReference; lastKnownFileType = file.storyboard; name = Base; path = Base.lproj/LaunchScreen.storyboard; sourceTree = "<group>"; };
		493011E226DF456000884893 /* Info.plist */ = {isa = PBXFileReference; lastKnownFileType = text.plist.xml; path = Info.plist; sourceTree = "<group>"; };
		493011E926DF476600884893 /* nigeria@3x.png */ = {isa = PBXFileReference; lastKnownFileType = image.png; path = "nigeria@3x.png"; sourceTree = "<group>"; };
		493011EA26DF476600884893 /* spain@3x.png */ = {isa = PBXFileReference; lastKnownFileType = image.png; path = "spain@3x.png"; sourceTree = "<group>"; };
		493011EB26DF476600884893 /* italy@3x.png */ = {isa = PBXFileReference; lastKnownFileType = image.png; path = "italy@3x.png"; sourceTree = "<group>"; };
		493011EC26DF476600884893 /* germany@3x.png */ = {isa = PBXFileReference; lastKnownFileType = image.png; path = "germany@3x.png"; sourceTree = "<group>"; };
		493011ED26DF476600884893 /* ireland@3x.png */ = {isa = PBXFileReference; lastKnownFileType = image.png; path = "ireland@3x.png"; sourceTree = "<group>"; };
		493011EE26DF476600884893 /* estonia@3x.png */ = {isa = PBXFileReference; lastKnownFileType = image.png; path = "estonia@3x.png"; sourceTree = "<group>"; };
		493011EF26DF476600884893 /* russia@3x.png */ = {isa = PBXFileReference; lastKnownFileType = image.png; path = "russia@3x.png"; sourceTree = "<group>"; };
		493011F026DF476600884893 /* poland@3x.png */ = {isa = PBXFileReference; lastKnownFileType = image.png; path = "poland@3x.png"; sourceTree = "<group>"; };
		493011F126DF476600884893 /* uk@3x.png */ = {isa = PBXFileReference; lastKnownFileType = image.png; path = "uk@3x.png"; sourceTree = "<group>"; };
		493011F226DF476600884893 /* us@3x.png */ = {isa = PBXFileReference; lastKnownFileType = image.png; path = "us@3x.png"; sourceTree = "<group>"; };
		493011F326DF476600884893 /* france@3x.png */ = {isa = PBXFileReference; lastKnownFileType = image.png; path = "france@3x.png"; sourceTree = "<group>"; };
		493011F426DF476600884893 /* monaco@3x.png */ = {isa = PBXFileReference; lastKnownFileType = image.png; path = "monaco@3x.png"; sourceTree = "<group>"; };
		4930120126DF4D6300884893 /* DetailController.swift */ = {isa = PBXFileReference; lastKnownFileType = sourcecode.swift; path = DetailController.swift; sourceTree = "<group>"; };
/* End PBXFileReference section */

/* Begin PBXFrameworksBuildPhase section */
		493011CE26DF453E00884893 /* Frameworks */ = {
			isa = PBXFrameworksBuildPhase;
			buildActionMask = 2147483647;
			files = (
			);
			runOnlyForDeploymentPostprocessing = 0;
		};
/* End PBXFrameworksBuildPhase section */

/* Begin PBXGroup section */
		493011C826DF453E00884893 = {
			isa = PBXGroup;
			children = (
				493011D326DF453F00884893 /* Challenge1 */,
				493011D226DF453F00884893 /* Products */,
			);
			sourceTree = "<group>";
		};
		493011D226DF453F00884893 /* Products */ = {
			isa = PBXGroup;
			children = (
				493011D126DF453F00884893 /* Challenge1.app */,
			);
			name = Products;
			sourceTree = "<group>";
		};
		493011D326DF453F00884893 /* Challenge1 */ = {
			isa = PBXGroup;
			children = (
				493011E826DF476600884893 /* Content */,
				493011D426DF453F00884893 /* AppDelegate.swift */,
				493011D626DF453F00884893 /* SceneDelegate.swift */,
				493011D826DF453F00884893 /* ViewController.swift */,
				493011DA26DF453F00884893 /* Main.storyboard */,
				493011DD26DF456000884893 /* Assets.xcassets */,
				493011DF26DF456000884893 /* LaunchScreen.storyboard */,
				493011E226DF456000884893 /* Info.plist */,
				4930120126DF4D6300884893 /* DetailController.swift */,
			);
			path = Challenge1;
			sourceTree = "<group>";
		};
		493011E826DF476600884893 /* Content */ = {
			isa = PBXGroup;
			children = (
				493011E926DF476600884893 /* nigeria@3x.png */,
				493011EA26DF476600884893 /* spain@3x.png */,
				493011EB26DF476600884893 /* italy@3x.png */,
				493011EC26DF476600884893 /* germany@3x.png */,
				493011ED26DF476600884893 /* ireland@3x.png */,
				493011EE26DF476600884893 /* estonia@3x.png */,
				493011EF26DF476600884893 /* russia@3x.png */,
				493011F026DF476600884893 /* poland@3x.png */,
				493011F126DF476600884893 /* uk@3x.png */,
				493011F226DF476600884893 /* us@3x.png */,
				493011F326DF476600884893 /* france@3x.png */,
				493011F426DF476600884893 /* monaco@3x.png */,
			);
			path = Content;
			sourceTree = "<group>";
		};
/* End PBXGroup section */

/* Begin PBXNativeTarget section */
		493011D026DF453E00884893 /* Challenge1 */ = {
			isa = PBXNativeTarget;
			buildConfigurationList = 493011E526DF456000884893 /* Build configuration list for PBXNativeTarget "Challenge1" */;
			buildPhases = (
				493011CD26DF453E00884893 /* Sources */,
				493011CE26DF453E00884893 /* Frameworks */,
				493011CF26DF453E00884893 /* Resources */,
			);
			buildRules = (
			);
			dependencies = (
			);
			name = Challenge1;
			productName = Challenge1;
			productReference = 493011D126DF453F00884893 /* Challenge1.app */;
			productType = "com.apple.product-type.application";
		};
/* End PBXNativeTarget section */

/* Begin PBXProject section */
		493011C926DF453E00884893 /* Project object */ = {
			isa = PBXProject;
			attributes = {
				LastSwiftUpdateCheck = 1250;
				LastUpgradeCheck = 1250;
				TargetAttributes = {
					493011D026DF453E00884893 = {
						CreatedOnToolsVersion = 12.5.1;
					};
				};
			};
			buildConfigurationList = 493011CC26DF453E00884893 /* Build configuration list for PBXProject "Challenge1" */;
			compatibilityVersion = "Xcode 9.3";
			developmentRegion = en;
			hasScannedForEncodings = 0;
			knownRegions = (
				en,
				Base,
			);
			mainGroup = 493011C826DF453E00884893;
			productRefGroup = 493011D226DF453F00884893 /* Products */;
			projectDirPath = "";
			projectRoot = "";
			targets = (
				493011D026DF453E00884893 /* Challenge1 */,
			);
		};
/* End PBXProject section */

/* Begin PBXResourcesBuildPhase section */
		493011CF26DF453E00884893 /* Resources */ = {
			isa = PBXResourcesBuildPhase;
			buildActionMask = 2147483647;
			files = (
				493011E126DF456000884893 /* LaunchScreen.storyboard in Resources */,
				493011DE26DF456000884893 /* Assets.xcassets in Resources */,
				493011FA26DF476600884893 /* estonia@3x.png in Resources */,
				4930120026DF476600884893 /* monaco@3x.png in Resources */,
				493011FD26DF476600884893 /* uk@3x.png in Resources */,
				493011DC26DF453F00884893 /* Main.storyboard in Resources */,
				493011F926DF476600884893 /* ireland@3x.png in Resources */,
				493011FE26DF476600884893 /* us@3x.png in Resources */,
				493011F726DF476600884893 /* italy@3x.png in Resources */,
				493011F826DF476600884893 /* germany@3x.png in Resources */,
				493011FC26DF476600884893 /* poland@3x.png in Resources */,
				493011F626DF476600884893 /* spain@3x.png in Resources */,
				493011FB26DF476600884893 /* russia@3x.png in Resources */,
				493011FF26DF476600884893 /* france@3x.png in Resources */,
				493011F526DF476600884893 /* nigeria@3x.png in Resources */,
			);
			runOnlyForDeploymentPostprocessing = 0;
		};
/* End PBXResourcesBuildPhase section */

/* Begin PBXSourcesBuildPhase section */
		493011CD26DF453E00884893 /* Sources */ = {
			isa = PBXSourcesBuildPhase;
			buildActionMask = 2147483647;
			files = (
				4930120226DF4D6300884893 /* DetailController.swift in Sources */,
				493011D926DF453F00884893 /* ViewController.swift in Sources */,
				493011D526DF453F00884893 /* AppDelegate.swift in Sources */,
				493011D726DF453F00884893 /* SceneDelegate.swift in Sources */,
			);
			runOnlyForDeploymentPostprocessing = 0;
		};
/* End PBXSourcesBuildPhase section */

/* Begin PBXVariantGroup section */
		493011DA26DF453F00884893 /* Main.storyboard */ = {
			isa = PBXVariantGroup;
			children = (
				493011DB26DF453F00884893 /* Base */,
			);
			name = Main.storyboard;
			sourceTree = "<group>";
		};
		493011DF26DF456000884893 /* LaunchScreen.storyboard */ = {
			isa = PBXVariantGroup;
			children = (
				493011E026DF456000884893 /* Base */,
			);
			name = LaunchScreen.storyboard;
			sourceTree = "<group>";
		};
/* End PBXVariantGroup section */

/* Begin XCBuildConfiguration section */
		493011E326DF456000884893 /* Debug */ = {
			isa = XCBuildConfiguration;
			buildSettings = {
				ALWAYS_SEARCH_USER_PATHS = NO;
				CLANG_ANALYZER_NONNULL = YES;
				CLANG_ANALYZER_NUMBER_OBJECT_CONVERSION = YES_AGGRESSIVE;
				CLANG_CXX_LANGUAGE_STANDARD = "gnu++14";
				CLANG_CXX_LIBRARY = "libc++";
				CLANG_ENABLE_MODULES = YES;
				CLANG_ENABLE_OBJC_ARC = YES;
				CLANG_ENABLE_OBJC_WEAK = YES;
				CLANG_WARN_BLOCK_CAPTURE_AUTORELEASING = YES;
				CLANG_WARN_BOOL_CONVERSION = YES;
				CLANG_WARN_COMMA = YES;
				CLANG_WARN_CONSTANT_CONVERSION = YES;
				CLANG_WARN_DEPRECATED_OBJC_IMPLEMENTATIONS = YES;
				CLANG_WARN_DIRECT_OBJC_ISA_USAGE = YES_ERROR;
				CLANG_WARN_DOCUMENTATION_COMMENTS = YES;
				CLANG_WARN_EMPTY_BODY = YES;
				CLANG_WARN_ENUM_CONVERSION = YES;
				CLANG_WARN_INFINITE_RECURSION = YES;
				CLANG_WARN_INT_CONVERSION = YES;
				CLANG_WARN_NON_LITERAL_NULL_CONVERSION = YES;
				CLANG_WARN_OBJC_IMPLICIT_RETAIN_SELF = YES;
				CLANG_WARN_OBJC_LITERAL_CONVERSION = YES;
				CLANG_WARN_OBJC_ROOT_CLASS = YES_ERROR;
				CLANG_WARN_QUOTED_INCLUDE_IN_FRAMEWORK_HEADER = YES;
				CLANG_WARN_RANGE_LOOP_ANALYSIS = YES;
				CLANG_WARN_STRICT_PROTOTYPES = YES;
				CLANG_WARN_SUSPICIOUS_MOVE = YES;
				CLANG_WARN_UNGUARDED_AVAILABILITY = YES_AGGRESSIVE;
				CLANG_WARN_UNREACHABLE_CODE = YES;
				CLANG_WARN__DUPLICATE_METHOD_MATCH = YES;
				COPY_PHASE_STRIP = NO;
				DEBUG_INFORMATION_FORMAT = dwarf;
				ENABLE_STRICT_OBJC_MSGSEND = YES;
				ENABLE_TESTABILITY = YES;
				GCC_C_LANGUAGE_STANDARD = gnu11;
				GCC_DYNAMIC_NO_PIC = NO;
				GCC_NO_COMMON_BLOCKS = YES;
				GCC_OPTIMIZATION_LEVEL = 0;
				GCC_PREPROCESSOR_DEFINITIONS = (
					"DEBUG=1",
					"$(inherited)",
				);
				GCC_WARN_64_TO_32_BIT_CONVERSION = YES;
				GCC_WARN_ABOUT_RETURN_TYPE = YES_ERROR;
				GCC_WARN_UNDECLARED_SELECTOR = YES;
				GCC_WARN_UNINITIALIZED_AUTOS = YES_AGGRESSIVE;
				GCC_WARN_UNUSED_FUNCTION = YES;
				GCC_WARN_UNUSED_VARIABLE = YES;
				IPHONEOS_DEPLOYMENT_TARGET = 14.5;
				MTL_ENABLE_DEBUG_INFO = INCLUDE_SOURCE;
				MTL_FAST_MATH = YES;
				ONLY_ACTIVE_ARCH = YES;
				SDKROOT = iphoneos;
				SWIFT_ACTIVE_COMPILATION_CONDITIONS = DEBUG;
				SWIFT_OPTIMIZATION_LEVEL = "-Onone";
			};
			name = Debug;
		};
		493011E426DF456000884893 /* Release */ = {
			isa = XCBuildConfiguration;
			buildSettings = {
				ALWAYS_SEARCH_USER_PATHS = NO;
				CLANG_ANALYZER_NONNULL = YES;
				CLANG_ANALYZER_NUMBER_OBJECT_CONVERSION = YES_AGGRESSIVE;
				CLANG_CXX_LANGUAGE_STANDARD = "gnu++14";
				CLANG_CXX_LIBRARY = "libc++";
				CLANG_ENABLE_MODULES = YES;
				CLANG_ENABLE_OBJC_ARC = YES;
				CLANG_ENABLE_OBJC_WEAK = YES;
				CLANG_WARN_BLOCK_CAPTURE_AUTORELEASING = YES;
				CLANG_WARN_BOOL_CONVERSION = YES;
				CLANG_WARN_COMMA = YES;
				CLANG_WARN_CONSTANT_CONVERSION = YES;
				CLANG_WARN_DEPRECATED_OBJC_IMPLEMENTATIONS = YES;
				CLANG_WARN_DIRECT_OBJC_ISA_USAGE = YES_ERROR;
				CLANG_WARN_DOCUMENTATION_COMMENTS = YES;
				CLANG_WARN_EMPTY_BODY = YES;
				CLANG_WARN_ENUM_CONVERSION = YES;
				CLANG_WARN_INFINITE_RECURSION = YES;
				CLANG_WARN_INT_CONVERSION = YES;
				CLANG_WARN_NON_LITERAL_NULL_CONVERSION = YES;
				CLANG_WARN_OBJC_IMPLICIT_RETAIN_SELF = YES;
				CLANG_WARN_OBJC_LITERAL_CONVERSION = YES;
				CLANG_WARN_OBJC_ROOT_CLASS = YES_ERROR;
				CLANG_WARN_QUOTED_INCLUDE_IN_FRAMEWORK_HEADER = YES;
				CLANG_WARN_RANGE_LOOP_ANALYSIS = YES;
				CLANG_WARN_STRICT_PROTOTYPES = YES;
				CLANG_WARN_SUSPICIOUS_MOVE = YES;
				CLANG_WARN_UNGUARDED_AVAILABILITY = YES_AGGRESSIVE;
				CLANG_WARN_UNREACHABLE_CODE = YES;
				CLANG_WARN__DUPLICATE_METHOD_MATCH = YES;
				COPY_PHASE_STRIP = NO;
				DEBUG_INFORMATION_FORMAT = "dwarf-with-dsym";
				ENABLE_NS_ASSERTIONS = NO;
				ENABLE_STRICT_OBJC_MSGSEND = YES;
				GCC_C_LANGUAGE_STANDARD = gnu11;
				GCC_NO_COMMON_BLOCKS = YES;
				GCC_WARN_64_TO_32_BIT_CONVERSION = YES;
				GCC_WARN_ABOUT_RETURN_TYPE = YES_ERROR;
				GCC_WARN_UNDECLARED_SELECTOR = YES;
				GCC_WARN_UNINITIALIZED_AUTOS = YES_AGGRESSIVE;
				GCC_WARN_UNUSED_FUNCTION = YES;
				GCC_WARN_UNUSED_VARIABLE = YES;
				IPHONEOS_DEPLOYMENT_TARGET = 14.5;
				MTL_ENABLE_DEBUG_INFO = NO;
				MTL_FAST_MATH = YES;
				SDKROOT = iphoneos;
				SWIFT_COMPILATION_MODE = wholemodule;
				SWIFT_OPTIMIZATION_LEVEL = "-O";
				VALIDATE_PRODUCT = YES;
			};
			name = Release;
		};
		493011E626DF456000884893 /* Debug */ = {
			isa = XCBuildConfiguration;
			buildSettings = {
				ASSETCATALOG_COMPILER_APPICON_NAME = AppIcon;
				ASSETCATALOG_COMPILER_GLOBAL_ACCENT_COLOR_NAME = AccentColor;
				CODE_SIGN_STYLE = Automatic;
				DEVELOPMENT_TEAM = 5LP3MC28Z5;
				INFOPLIST_FILE = Challenge1/Info.plist;
				IPHONEOS_DEPLOYMENT_TARGET = 14.1;
				LD_RUNPATH_SEARCH_PATHS = (
					"$(inherited)",
					"@executable_path/Frameworks",
				);
				PRODUCT_BUNDLE_IDENTIFIER = com.madiapps.Challenge1;
				PRODUCT_NAME = "$(TARGET_NAME)";
				SWIFT_VERSION = 5.0;
				TARGETED_DEVICE_FAMILY = "1,2";
			};
			name = Debug;
		};
		493011E726DF456000884893 /* Release */ = {
			isa = XCBuildConfiguration;
			buildSettings = {
				ASSETCATALOG_COMPILER_APPICON_NAME = AppIcon;
				ASSETCATALOG_COMPILER_GLOBAL_ACCENT_COLOR_NAME = AccentColor;
				CODE_SIGN_STYLE = Automatic;
				DEVELOPMENT_TEAM = 5LP3MC28Z5;
				INFOPLIST_FILE = Challenge1/Info.plist;
				IPHONEOS_DEPLOYMENT_TARGET = 14.1;
				LD_RUNPATH_SEARCH_PATHS = (
					"$(inherited)",
					"@executable_path/Frameworks",
				);
				PRODUCT_BUNDLE_IDENTIFIER = com.madiapps.Challenge1;
				PRODUCT_NAME = "$(TARGET_NAME)";
				SWIFT_VERSION = 5.0;
				TARGETED_DEVICE_FAMILY = "1,2";
			};
			name = Release;
		};
/* End XCBuildConfiguration section */

/* Begin XCConfigurationList section */
		493011CC26DF453E00884893 /* Build configuration list for PBXProject "Challenge1" */ = {
			isa = XCConfigurationList;
			buildConfigurations = (
				493011E326DF456000884893 /* Debug */,
				493011E426DF456000884893 /* Release */,
			);
			defaultConfigurationIsVisible = 0;
			defaultConfigurationName = Release;
		};
		493011E526DF456000884893 /* Build configuration list for PBXNativeTarget "Challenge1" */ = {
			isa = XCConfigurationList;
			buildConfigurations = (
				493011E626DF456000884893 /* Debug */,
				493011E726DF456000884893 /* Release */,
			);
			defaultConfigurationIsVisible = 0;
			defaultConfigurationName = Release;
		};
/* End XCConfigurationList section */
	};
	rootObject = 493011C926DF453E00884893 /* Project object */;
}
