// !$*UTF8*$!
{
	archiveVersion = 1;
	classes = {
	};
	objectVersion = 52;
	objects = {

/* Begin PBXBuildFile section */
		495090F027BCF5680069C9D4 /* GestureViewController.swift in Sources */ = {isa = PBXBuildFile; fileRef = 495090EF27BCF5680069C9D4 /* GestureViewController.swift */; };
		495090F427BD38EB0069C9D4 /* AlamofireImage.xcframework in Frameworks */ = {isa = PBXBuildFile; fileRef = 495090F227BD38EB0069C9D4 /* AlamofireImage.xcframework */; };
		495090F527BD38EB0069C9D4 /* AlamofireImage.xcframework in Embed Frameworks */ = {isa = PBXBuildFile; fileRef = 495090F227BD38EB0069C9D4 /* AlamofireImage.xcframework */; settings = {ATTRIBUTES = (CodeSignOnCopy, RemoveHeadersOnCopy, ); }; };
		495090F627BD38EB0069C9D4 /* Alamofire.xcframework in Frameworks */ = {isa = PBXBuildFile; fileRef = 495090F327BD38EB0069C9D4 /* Alamofire.xcframework */; };
		495090F727BD38EB0069C9D4 /* Alamofire.xcframework in Embed Frameworks */ = {isa = PBXBuildFile; fileRef = 495090F327BD38EB0069C9D4 /* Alamofire.xcframework */; settings = {ATTRIBUTES = (CodeSignOnCopy, RemoveHeadersOnCopy, ); }; };
		49601A5C26B133870092A731 /* AppDelegate.swift in Sources */ = {isa = PBXBuildFile; fileRef = 49601A5B26B133870092A731 /* AppDelegate.swift */; };
		49601A5E26B133870092A731 /* SceneDelegate.swift in Sources */ = {isa = PBXBuildFile; fileRef = 49601A5D26B133870092A731 /* SceneDelegate.swift */; };
		49601A6026B133880092A731 /* ViewController.swift in Sources */ = {isa = PBXBuildFile; fileRef = 49601A5F26B133880092A731 /* ViewController.swift */; };
		49601A6326B133880092A731 /* Main.storyboard in Resources */ = {isa = PBXBuildFile; fileRef = 49601A6126B133880092A731 /* Main.storyboard */; };
		49601A6526B133B10092A731 /* Assets.xcassets in Resources */ = {isa = PBXBuildFile; fileRef = 49601A6426B133B10092A731 /* Assets.xcassets */; };
		49601A6826B133B10092A731 /* LaunchScreen.storyboard in Resources */ = {isa = PBXBuildFile; fileRef = 49601A6626B133B10092A731 /* LaunchScreen.storyboard */; };
		49BED4D126B3DF18005EA098 /* Player.storyboard in Resources */ = {isa = PBXBuildFile; fileRef = 49BED4CF26B3DF17005EA098 /* Player.storyboard */; };
		49FE130426B2D8130083E083 /* Player.swift in Sources */ = {isa = PBXBuildFile; fileRef = 49FE130326B2D8130083E083 /* Player.swift */; };
		49FE130926B2D87B0083E083 /* GamesDataSource.swift in Sources */ = {isa = PBXBuildFile; fileRef = 49FE130726B2D87A0083E083 /* GamesDataSource.swift */; };
		49FE130A26B2D87B0083E083 /* PlayersDataSource.swift in Sources */ = {isa = PBXBuildFile; fileRef = 49FE130826B2D87B0083E083 /* PlayersDataSource.swift */; };
		49FE130C26B2D9040083E083 /* PlayersViewController.swift in Sources */ = {isa = PBXBuildFile; fileRef = 49FE130B26B2D9040083E083 /* PlayersViewController.swift */; };
		49FE131126B2DB950083E083 /* PlayerCell.swift in Sources */ = {isa = PBXBuildFile; fileRef = 49FE131026B2DB950083E083 /* PlayerCell.swift */; };
		49FE131326B2E2030083E083 /* PlayerCUViewController.swift in Sources */ = {isa = PBXBuildFile; fileRef = 49FE131226B2E2030083E083 /* PlayerCUViewController.swift */; };
		49FE131526B2E6200083E083 /* GamesViewController.swift in Sources */ = {isa = PBXBuildFile; fileRef = 49FE131426B2E6200083E083 /* GamesViewController.swift */; };
/* End PBXBuildFile section */

/* Begin PBXCopyFilesBuildPhase section */
		495090F827BD38EB0069C9D4 /* Embed Frameworks */ = {
			isa = PBXCopyFilesBuildPhase;
			buildActionMask = 2147483647;
			dstPath = "";
			dstSubfolderSpec = 10;
			files = (
				495090F727BD38EB0069C9D4 /* Alamofire.xcframework in Embed Frameworks */,
				495090F527BD38EB0069C9D4 /* AlamofireImage.xcframework in Embed Frameworks */,
			);
			name = "Embed Frameworks";
			runOnlyForDeploymentPostprocessing = 0;
		};
/* End PBXCopyFilesBuildPhase section */

/* Begin PBXFileReference section */
		495090EF27BCF5680069C9D4 /* GestureViewController.swift */ = {isa = PBXFileReference; lastKnownFileType = sourcecode.swift; path = GestureViewController.swift; sourceTree = "<group>"; };
		495090F227BD38EB0069C9D4 /* AlamofireImage.xcframework */ = {isa = PBXFileReference; lastKnownFileType = wrapper.xcframework; name = AlamofireImage.xcframework; path = Carthage/Build/AlamofireImage.xcframework; sourceTree = "<group>"; };
		495090F327BD38EB0069C9D4 /* Alamofire.xcframework */ = {isa = PBXFileReference; lastKnownFileType = wrapper.xcframework; name = Alamofire.xcframework; path = Carthage/Build/Alamofire.xcframework; sourceTree = "<group>"; };
		49601A5826B133870092A731 /* Ratings2.app */ = {isa = PBXFileReference; explicitFileType = wrapper.application; includeInIndex = 0; path = Ratings2.app; sourceTree = BUILT_PRODUCTS_DIR; };
		49601A5B26B133870092A731 /* AppDelegate.swift */ = {isa = PBXFileReference; lastKnownFileType = sourcecode.swift; path = AppDelegate.swift; sourceTree = "<group>"; };
		49601A5D26B133870092A731 /* SceneDelegate.swift */ = {isa = PBXFileReference; lastKnownFileType = sourcecode.swift; path = SceneDelegate.swift; sourceTree = "<group>"; };
		49601A5F26B133880092A731 /* ViewController.swift */ = {isa = PBXFileReference; lastKnownFileType = sourcecode.swift; path = ViewController.swift; sourceTree = "<group>"; };
		49601A6226B133880092A731 /* Base */ = {isa = PBXFileReference; lastKnownFileType = file.storyboard; name = Base; path = Base.lproj/Main.storyboard; sourceTree = "<group>"; };
		49601A6426B133B10092A731 /* Assets.xcassets */ = {isa = PBXFileReference; lastKnownFileType = folder.assetcatalog; path = Assets.xcassets; sourceTree = "<group>"; };
		49601A6726B133B10092A731 /* Base */ = {isa = PBXFileReference; lastKnownFileType = file.storyboard; name = Base; path = Base.lproj/LaunchScreen.storyboard; sourceTree = "<group>"; };
		49601A6926B133B10092A731 /* Info.plist */ = {isa = PBXFileReference; lastKnownFileType = text.plist.xml; path = Info.plist; sourceTree = "<group>"; };
		49BED4D026B3DF18005EA098 /* Base */ = {isa = PBXFileReference; lastKnownFileType = file.storyboard; name = Base; path = Ratings2/Base.lproj/Player.storyboard; sourceTree = "<group>"; };
		49FE130326B2D8130083E083 /* Player.swift */ = {isa = PBXFileReference; fileEncoding = 4; lastKnownFileType = sourcecode.swift; path = Player.swift; sourceTree = "<group>"; };
		49FE130726B2D87A0083E083 /* GamesDataSource.swift */ = {isa = PBXFileReference; fileEncoding = 4; lastKnownFileType = sourcecode.swift; path = GamesDataSource.swift; sourceTree = "<group>"; };
		49FE130826B2D87B0083E083 /* PlayersDataSource.swift */ = {isa = PBXFileReference; fileEncoding = 4; lastKnownFileType = sourcecode.swift; path = PlayersDataSource.swift; sourceTree = "<group>"; };
		49FE130B26B2D9040083E083 /* PlayersViewController.swift */ = {isa = PBXFileReference; lastKnownFileType = sourcecode.swift; path = PlayersViewController.swift; sourceTree = "<group>"; };
		49FE131026B2DB950083E083 /* PlayerCell.swift */ = {isa = PBXFileReference; lastKnownFileType = sourcecode.swift; path = PlayerCell.swift; sourceTree = "<group>"; };
		49FE131226B2E2030083E083 /* PlayerCUViewController.swift */ = {isa = PBXFileReference; lastKnownFileType = sourcecode.swift; path = PlayerCUViewController.swift; sourceTree = "<group>"; };
		49FE131426B2E6200083E083 /* GamesViewController.swift */ = {isa = PBXFileReference; lastKnownFileType = sourcecode.swift; path = GamesViewController.swift; sourceTree = "<group>"; };
/* End PBXFileReference section */

/* Begin PBXFrameworksBuildPhase section */
		49601A5526B133870092A731 /* Frameworks */ = {
			isa = PBXFrameworksBuildPhase;
			buildActionMask = 2147483647;
			files = (
				495090F627BD38EB0069C9D4 /* Alamofire.xcframework in Frameworks */,
				495090F427BD38EB0069C9D4 /* AlamofireImage.xcframework in Frameworks */,
			);
			runOnlyForDeploymentPostprocessing = 0;
		};
/* End PBXFrameworksBuildPhase section */

/* Begin PBXGroup section */
		495090F127BD38EB0069C9D4 /* Frameworks */ = {
			isa = PBXGroup;
			children = (
				495090F327BD38EB0069C9D4 /* Alamofire.xcframework */,
				495090F227BD38EB0069C9D4 /* AlamofireImage.xcframework */,
			);
			name = Frameworks;
			sourceTree = "<group>";
		};
		49601A4F26B133860092A731 = {
			isa = PBXGroup;
			children = (
				49601A5A26B133870092A731 /* Ratings2 */,
				49601A5926B133870092A731 /* Products */,
				495090F127BD38EB0069C9D4 /* Frameworks */,
			);
			sourceTree = "<group>";
		};
		49601A5926B133870092A731 /* Products */ = {
			isa = PBXGroup;
			children = (
				49601A5826B133870092A731 /* Ratings2.app */,
			);
			name = Products;
			sourceTree = "<group>";
		};
		49601A5A26B133870092A731 /* Ratings2 */ = {
			isa = PBXGroup;
			children = (
				49FE130D26B2DB3E0083E083 /* Views */,
				49FE130626B2D8550083E083 /* DataSources */,
				49FE130226B2D8010083E083 /* Models */,
				49FE130126B2D7310083E083 /* ViewContorollers */,
				49601A5B26B133870092A731 /* AppDelegate.swift */,
				49601A5D26B133870092A731 /* SceneDelegate.swift */,
				49601A5F26B133880092A731 /* ViewController.swift */,
				49601A6126B133880092A731 /* Main.storyboard */,
				49BED4CF26B3DF17005EA098 /* Player.storyboard */,
				49601A6426B133B10092A731 /* Assets.xcassets */,
				49601A6626B133B10092A731 /* LaunchScreen.storyboard */,
				49601A6926B133B10092A731 /* Info.plist */,
			);
			path = Ratings2;
			sourceTree = "<group>";
		};
		49FE130126B2D7310083E083 /* ViewContorollers */ = {
			isa = PBXGroup;
			children = (
				49FE130B26B2D9040083E083 /* PlayersViewController.swift */,
				49FE131226B2E2030083E083 /* PlayerCUViewController.swift */,
				49FE131426B2E6200083E083 /* GamesViewController.swift */,
				495090EF27BCF5680069C9D4 /* GestureViewController.swift */,
			);
			path = ViewContorollers;
			sourceTree = "<group>";
		};
		49FE130226B2D8010083E083 /* Models */ = {
			isa = PBXGroup;
			children = (
				49FE130326B2D8130083E083 /* Player.swift */,
			);
			path = Models;
			sourceTree = "<group>";
		};
		49FE130626B2D8550083E083 /* DataSources */ = {
			isa = PBXGroup;
			children = (
				49FE130726B2D87A0083E083 /* GamesDataSource.swift */,
				49FE130826B2D87B0083E083 /* PlayersDataSource.swift */,
			);
			path = DataSources;
			sourceTree = "<group>";
		};
		49FE130D26B2DB3E0083E083 /* Views */ = {
			isa = PBXGroup;
			children = (
				49FE131026B2DB950083E083 /* PlayerCell.swift */,
			);
			path = Views;
			sourceTree = "<group>";
		};
/* End PBXGroup section */

/* Begin PBXNativeTarget section */
		49601A5726B133870092A731 /* Ratings2 */ = {
			isa = PBXNativeTarget;
			buildConfigurationList = 49601A6C26B133B10092A731 /* Build configuration list for PBXNativeTarget "Ratings2" */;
			buildPhases = (
				49601A5426B133870092A731 /* Sources */,
				49601A5526B133870092A731 /* Frameworks */,
				49601A5626B133870092A731 /* Resources */,
				495090F827BD38EB0069C9D4 /* Embed Frameworks */,
			);
			buildRules = (
			);
			dependencies = (
			);
			name = Ratings2;
			productName = Ratings2;
			productReference = 49601A5826B133870092A731 /* Ratings2.app */;
			productType = "com.apple.product-type.application";
		};
/* End PBXNativeTarget section */

/* Begin PBXProject section */
		49601A5026B133860092A731 /* Project object */ = {
			isa = PBXProject;
			attributes = {
				LastSwiftUpdateCheck = 1250;
				LastUpgradeCheck = 1250;
				TargetAttributes = {
					49601A5726B133870092A731 = {
						CreatedOnToolsVersion = 12.5.1;
					};
				};
			};
			buildConfigurationList = 49601A5326B133860092A731 /* Build configuration list for PBXProject "Ratings2" */;
			compatibilityVersion = "Xcode 9.3";
			developmentRegion = en;
			hasScannedForEncodings = 0;
			knownRegions = (
				en,
				Base,
			);
			mainGroup = 49601A4F26B133860092A731;
			productRefGroup = 49601A5926B133870092A731 /* Products */;
			projectDirPath = "";
			projectRoot = "";
			targets = (
				49601A5726B133870092A731 /* Ratings2 */,
			);
		};
/* End PBXProject section */

/* Begin PBXResourcesBuildPhase section */
		49601A5626B133870092A731 /* Resources */ = {
			isa = PBXResourcesBuildPhase;
			buildActionMask = 2147483647;
			files = (
				49601A6826B133B10092A731 /* LaunchScreen.storyboard in Resources */,
				49BED4D126B3DF18005EA098 /* Player.storyboard in Resources */,
				49601A6526B133B10092A731 /* Assets.xcassets in Resources */,
				49601A6326B133880092A731 /* Main.storyboard in Resources */,
			);
			runOnlyForDeploymentPostprocessing = 0;
		};
/* End PBXResourcesBuildPhase section */

/* Begin PBXSourcesBuildPhase section */
		49601A5426B133870092A731 /* Sources */ = {
			isa = PBXSourcesBuildPhase;
			buildActionMask = 2147483647;
			files = (
				49FE131126B2DB950083E083 /* PlayerCell.swift in Sources */,
				495090F027BCF5680069C9D4 /* GestureViewController.swift in Sources */,
				49FE130426B2D8130083E083 /* Player.swift in Sources */,
				49FE130C26B2D9040083E083 /* PlayersViewController.swift in Sources */,
				49FE130A26B2D87B0083E083 /* PlayersDataSource.swift in Sources */,
				49FE131526B2E6200083E083 /* GamesViewController.swift in Sources */,
				49601A6026B133880092A731 /* ViewController.swift in Sources */,
				49FE130926B2D87B0083E083 /* GamesDataSource.swift in Sources */,
				49FE131326B2E2030083E083 /* PlayerCUViewController.swift in Sources */,
				49601A5C26B133870092A731 /* AppDelegate.swift in Sources */,
				49601A5E26B133870092A731 /* SceneDelegate.swift in Sources */,
			);
			runOnlyForDeploymentPostprocessing = 0;
		};
/* End PBXSourcesBuildPhase section */

/* Begin PBXVariantGroup section */
		49601A6126B133880092A731 /* Main.storyboard */ = {
			isa = PBXVariantGroup;
			children = (
				49601A6226B133880092A731 /* Base */,
			);
			name = Main.storyboard;
			sourceTree = "<group>";
		};
		49601A6626B133B10092A731 /* LaunchScreen.storyboard */ = {
			isa = PBXVariantGroup;
			children = (
				49601A6726B133B10092A731 /* Base */,
			);
			name = LaunchScreen.storyboard;
			sourceTree = "<group>";
		};
		49BED4CF26B3DF17005EA098 /* Player.storyboard */ = {
			isa = PBXVariantGroup;
			children = (
				49BED4D026B3DF18005EA098 /* Base */,
			);
			name = Player.storyboard;
			sourceTree = "<group>";
		};
/* End PBXVariantGroup section */

/* Begin XCBuildConfiguration section */
		49601A6A26B133B10092A731 /* Debug */ = {
			isa = XCBuildConfiguration;
			buildSettings = {
				ALWAYS_SEARCH_USER_PATHS = NO;
				CLANG_ANALYZER_NONNULL = YES;
				CLANG_ANALYZER_NUMBER_OBJECT_CONVERSION = YES_AGGRESSIVE;
				CLANG_CXX_LANGUAGE_STANDARD = "gnu++14";
				CLANG_CXX_LIBRARY = "libc++";
				CLANG_ENABLE_MODULES = YES;
				CLANG_ENABLE_OBJC_ARC = YES;
				CLANG_ENABLE_OBJC_WEAK = YES;
				CLANG_WARN_BLOCK_CAPTURE_AUTORELEASING = YES;
				CLANG_WARN_BOOL_CONVERSION = YES;
				CLANG_WARN_COMMA = YES;
				CLANG_WARN_CONSTANT_CONVERSION = YES;
				CLANG_WARN_DEPRECATED_OBJC_IMPLEMENTATIONS = YES;
				CLANG_WARN_DIRECT_OBJC_ISA_USAGE = YES_ERROR;
				CLANG_WARN_DOCUMENTATION_COMMENTS = YES;
				CLANG_WARN_EMPTY_BODY = YES;
				CLANG_WARN_ENUM_CONVERSION = YES;
				CLANG_WARN_INFINITE_RECURSION = YES;
				CLANG_WARN_INT_CONVERSION = YES;
				CLANG_WARN_NON_LITERAL_NULL_CONVERSION = YES;
				CLANG_WARN_OBJC_IMPLICIT_RETAIN_SELF = YES;
				CLANG_WARN_OBJC_LITERAL_CONVERSION = YES;
				CLANG_WARN_OBJC_ROOT_CLASS = YES_ERROR;
				CLANG_WARN_QUOTED_INCLUDE_IN_FRAMEWORK_HEADER = YES;
				CLANG_WARN_RANGE_LOOP_ANALYSIS = YES;
				CLANG_WARN_STRICT_PROTOTYPES = YES;
				CLANG_WARN_SUSPICIOUS_MOVE = YES;
				CLANG_WARN_UNGUARDED_AVAILABILITY = YES_AGGRESSIVE;
				CLANG_WARN_UNREACHABLE_CODE = YES;
				CLANG_WARN__DUPLICATE_METHOD_MATCH = YES;
				COPY_PHASE_STRIP = NO;
				DEBUG_INFORMATION_FORMAT = dwarf;
				ENABLE_STRICT_OBJC_MSGSEND = YES;
				ENABLE_TESTABILITY = YES;
				GCC_C_LANGUAGE_STANDARD = gnu11;
				GCC_DYNAMIC_NO_PIC = NO;
				GCC_NO_COMMON_BLOCKS = YES;
				GCC_OPTIMIZATION_LEVEL = 0;
				GCC_PREPROCESSOR_DEFINITIONS = (
					"DEBUG=1",
					"$(inherited)",
				);
				GCC_WARN_64_TO_32_BIT_CONVERSION = YES;
				GCC_WARN_ABOUT_RETURN_TYPE = YES_ERROR;
				GCC_WARN_UNDECLARED_SELECTOR = YES;
				GCC_WARN_UNINITIALIZED_AUTOS = YES_AGGRESSIVE;
				GCC_WARN_UNUSED_FUNCTION = YES;
				GCC_WARN_UNUSED_VARIABLE = YES;
				IPHONEOS_DEPLOYMENT_TARGET = 14.5;
				MTL_ENABLE_DEBUG_INFO = INCLUDE_SOURCE;
				MTL_FAST_MATH = YES;
				ONLY_ACTIVE_ARCH = YES;
				SDKROOT = iphoneos;
				SWIFT_ACTIVE_COMPILATION_CONDITIONS = DEBUG;
				SWIFT_OPTIMIZATION_LEVEL = "-Onone";
			};
			name = Debug;
		};
		49601A6B26B133B10092A731 /* Release */ = {
			isa = XCBuildConfiguration;
			buildSettings = {
				ALWAYS_SEARCH_USER_PATHS = NO;
				CLANG_ANALYZER_NONNULL = YES;
				CLANG_ANALYZER_NUMBER_OBJECT_CONVERSION = YES_AGGRESSIVE;
				CLANG_CXX_LANGUAGE_STANDARD = "gnu++14";
				CLANG_CXX_LIBRARY = "libc++";
				CLANG_ENABLE_MODULES = YES;
				CLANG_ENABLE_OBJC_ARC = YES;
				CLANG_ENABLE_OBJC_WEAK = YES;
				CLANG_WARN_BLOCK_CAPTURE_AUTORELEASING = YES;
				CLANG_WARN_BOOL_CONVERSION = YES;
				CLANG_WARN_COMMA = YES;
				CLANG_WARN_CONSTANT_CONVERSION = YES;
				CLANG_WARN_DEPRECATED_OBJC_IMPLEMENTATIONS = YES;
				CLANG_WARN_DIRECT_OBJC_ISA_USAGE = YES_ERROR;
				CLANG_WARN_DOCUMENTATION_COMMENTS = YES;
				CLANG_WARN_EMPTY_BODY = YES;
				CLANG_WARN_ENUM_CONVERSION = YES;
				CLANG_WARN_INFINITE_RECURSION = YES;
				CLANG_WARN_INT_CONVERSION = YES;
				CLANG_WARN_NON_LITERAL_NULL_CONVERSION = YES;
				CLANG_WARN_OBJC_IMPLICIT_RETAIN_SELF = YES;
				CLANG_WARN_OBJC_LITERAL_CONVERSION = YES;
				CLANG_WARN_OBJC_ROOT_CLASS = YES_ERROR;
				CLANG_WARN_QUOTED_INCLUDE_IN_FRAMEWORK_HEADER = YES;
				CLANG_WARN_RANGE_LOOP_ANALYSIS = YES;
				CLANG_WARN_STRICT_PROTOTYPES = YES;
				CLANG_WARN_SUSPICIOUS_MOVE = YES;
				CLANG_WARN_UNGUARDED_AVAILABILITY = YES_AGGRESSIVE;
				CLANG_WARN_UNREACHABLE_CODE = YES;
				CLANG_WARN__DUPLICATE_METHOD_MATCH = YES;
				COPY_PHASE_STRIP = NO;
				DEBUG_INFORMATION_FORMAT = "dwarf-with-dsym";
				ENABLE_NS_ASSERTIONS = NO;
				ENABLE_STRICT_OBJC_MSGSEND = YES;
				GCC_C_LANGUAGE_STANDARD = gnu11;
				GCC_NO_COMMON_BLOCKS = YES;
				GCC_WARN_64_TO_32_BIT_CONVERSION = YES;
				GCC_WARN_ABOUT_RETURN_TYPE = YES_ERROR;
				GCC_WARN_UNDECLARED_SELECTOR = YES;
				GCC_WARN_UNINITIALIZED_AUTOS = YES_AGGRESSIVE;
				GCC_WARN_UNUSED_FUNCTION = YES;
				GCC_WARN_UNUSED_VARIABLE = YES;
				IPHONEOS_DEPLOYMENT_TARGET = 14.5;
				MTL_ENABLE_DEBUG_INFO = NO;
				MTL_FAST_MATH = YES;
				SDKROOT = iphoneos;
				SWIFT_COMPILATION_MODE = wholemodule;
				SWIFT_OPTIMIZATION_LEVEL = "-O";
				VALIDATE_PRODUCT = YES;
			};
			name = Release;
		};
		49601A6D26B133B10092A731 /* Debug */ = {
			isa = XCBuildConfiguration;
			buildSettings = {
				ASSETCATALOG_COMPILER_APPICON_NAME = AppIcon;
				ASSETCATALOG_COMPILER_GLOBAL_ACCENT_COLOR_NAME = AccentColor;
				CODE_SIGN_STYLE = Automatic;
				DEVELOPMENT_TEAM = 5LP3MC28Z5;
				INFOPLIST_FILE = Ratings2/Info.plist;
				LD_RUNPATH_SEARCH_PATHS = (
					"$(inherited)",
					"@executable_path/Frameworks",
				);
				PRODUCT_BUNDLE_IDENTIFIER = com.madiapps.Ratings2;
				PRODUCT_NAME = "$(TARGET_NAME)";
				SWIFT_VERSION = 5.0;
				TARGETED_DEVICE_FAMILY = 1;
			};
			name = Debug;
		};
		49601A6E26B133B10092A731 /* Release */ = {
			isa = XCBuildConfiguration;
			buildSettings = {
				ASSETCATALOG_COMPILER_APPICON_NAME = AppIcon;
				ASSETCATALOG_COMPILER_GLOBAL_ACCENT_COLOR_NAME = AccentColor;
				CODE_SIGN_STYLE = Automatic;
				DEVELOPMENT_TEAM = 5LP3MC28Z5;
				INFOPLIST_FILE = Ratings2/Info.plist;
				LD_RUNPATH_SEARCH_PATHS = (
					"$(inherited)",
					"@executable_path/Frameworks",
				);
				PRODUCT_BUNDLE_IDENTIFIER = com.madiapps.Ratings2;
				PRODUCT_NAME = "$(TARGET_NAME)";
				SWIFT_VERSION = 5.0;
				TARGETED_DEVICE_FAMILY = 1;
			};
			name = Release;
		};
/* End XCBuildConfiguration section */

/* Begin XCConfigurationList section */
		49601A5326B133860092A731 /* Build configuration list for PBXProject "Ratings2" */ = {
			isa = XCConfigurationList;
			buildConfigurations = (
				49601A6A26B133B10092A731 /* Debug */,
				49601A6B26B133B10092A731 /* Release */,
			);
			defaultConfigurationIsVisible = 0;
			defaultConfigurationName = Release;
		};
		49601A6C26B133B10092A731 /* Build configuration list for PBXNativeTarget "Ratings2" */ = {
			isa = XCConfigurationList;
			buildConfigurations = (
				49601A6D26B133B10092A731 /* Debug */,
				49601A6E26B133B10092A731 /* Release */,
			);
			defaultConfigurationIsVisible = 0;
			defaultConfigurationName = Release;
		};
/* End XCConfigurationList section */
	};
	rootObject = 49601A5026B133860092A731 /* Project object */;
}
